
Microsoft Visual Studio Solution File, Format Version 12.00
# Visual Studio 14
VisualStudioVersion = 14.0.25420.1
MinimumVisualStudioVersion = 10.0.40219.1
Project("{FAE04EC0-301F-11D3-BF4B-00C04F79EFBC}") = "Tryout-Winium", "Winium\Tryout-Winium.csproj", "{0084C543-193C-4D4D-9EEB-35194ACEA79A}"
EndProject
Project("{FAE04EC0-301F-11D3-BF4B-00C04F79EFBC}") = "CodedUI_WinApp", "CodedUI_WinApp\CodedUI_WinApp.csproj", "{FC5B04C8-55BB-487E-8CCC-06D0FAF65B7F}"
EndProject
Global
	GlobalSection(SolutionConfigurationPlatforms) = preSolution
		Debug|Any CPU = Debug|Any CPU
		Release|Any CPU = Release|Any CPU
	EndGlobalSection
	GlobalSection(ProjectConfigurationPlatforms) = postSolution
		{0084C543-193C-4D4D-9EEB-35194ACEA79A}.Debug|Any CPU.ActiveCfg = Debug|Any CPU
		{0084C543-193C-4D4D-9EEB-35194ACEA79A}.Debug|Any CPU.Build.0 = Debug|Any CPU
		{0084C543-193C-4D4D-9EEB-35194ACEA79A}.Release|Any CPU.ActiveCfg = Release|Any CPU
		{0084C543-193C-4D4D-9EEB-35194ACEA79A}.Release|Any CPU.Build.0 = Release|Any CPU
		{FC5B04C8-55BB-487E-8CCC-06D0FAF65B7F}.Debug|Any CPU.ActiveCfg = Debug|Any CPU
		{FC5B04C8-55BB-487E-8CCC-06D0FAF65B7F}.Debug|Any CPU.Build.0 = Debug|Any CPU
		{FC5B04C8-55BB-487E-8CCC-06D0FAF65B7F}.Release|Any CPU.ActiveCfg = Release|Any CPU
		{FC5B04C8-55BB-487E-8CCC-06D0FAF65B7F}.Release|Any CPU.Build.0 = Release|Any CPU
	EndGlobalSection
	GlobalSection(SolutionProperties) = preSolution
		HideSolutionNode = FALSE
	EndGlobalSection
EndGlobal
